
Microsoft Visual Studio Solution File, Format Version 12.00
# Visual Studio Version 16
VisualStudioVersion = 16.0.32413.119
MinimumVisualStudioVersion = 10.0.40219.1
Project("{9A19103F-16F7-4668-BE54-9A1E7A4F7556}") = "SolidPrinciples", "SolidPrinciples\SolidPrinciples.csproj", "{ECAFD88F-D252-4215-85ED-7CEA9AEF7AFF}"
EndProject
Global
	GlobalSection(SolutionConfigurationPlatforms) = preSolution
		Debug|Any CPU = Debug|Any CPU
		Release|Any CPU = Release|Any CPU
	EndGlobalSection
	GlobalSection(ProjectConfigurationPlatforms) = postSolution
		{ECAFD88F-D252-4215-85ED-7CEA9AEF7AFF}.Debug|Any CPU.ActiveCfg = Debug|Any CPU
		{ECAFD88F-D252-4215-85ED-7CEA9AEF7AFF}.Debug|Any CPU.Build.0 = Debug|Any CPU
		{ECAFD88F-D252-4215-85ED-7CEA9AEF7AFF}.Release|Any CPU.ActiveCfg = Release|Any CPU
		{ECAFD88F-D252-4215-85ED-7CEA9AEF7AFF}.Release|Any CPU.Build.0 = Release|Any CPU
	EndGlobalSection
	GlobalSection(SolutionProperties) = preSolution
		HideSolutionNode = FALSE
	EndGlobalSection
	GlobalSection(ExtensibilityGlobals) = postSolution
		SolutionGuid = {5602BE72-9C77-452E-9B60-8BEA74AD9E62}
	EndGlobalSection
EndGlobal
